
Microsoft Visual Studio Solution File, Format Version 12.00
# Visual Studio 15
VisualStudioVersion = 15.0.33529.398
MinimumVisualStudioVersion = 10.0.40219.1
Project("{FAE04EC0-301F-11D3-BF4B-00C04F79EFBC}") = "TravelTripProject", "TravelTripProject\TravelTripProject.csproj", "{A8937F93-D221-4366-A38E-CC37104CBBA5}"
EndProject
Global
	GlobalSection(SolutionConfigurationPlatforms) = preSolution
		Debug|Any CPU = Debug|Any CPU
		Release|Any CPU = Release|Any CPU
	EndGlobalSection
	GlobalSection(ProjectConfigurationPlatforms) = postSolution
		{A8937F93-D221-4366-A38E-CC37104CBBA5}.Debug|Any CPU.ActiveCfg = Debug|Any CPU
		{A8937F93-D221-4366-A38E-CC37104CBBA5}.Debug|Any CPU.Build.0 = Debug|Any CPU
		{A8937F93-D221-4366-A38E-CC37104CBBA5}.Release|Any CPU.ActiveCfg = Release|Any CPU
		{A8937F93-D221-4366-A38E-CC37104CBBA5}.Release|Any CPU.Build.0 = Release|Any CPU
	EndGlobalSection
	GlobalSection(SolutionProperties) = preSolution
		HideSolutionNode = FALSE
	EndGlobalSection
	GlobalSection(ExtensibilityGlobals) = postSolution
		SolutionGuid = {8B15C738-278D-483B-894F-CF5AA7182FD2}
	EndGlobalSection
EndGlobal
